# This file is autogenerated, do not edit; changes may be undone by the next 'dep ensure'.


[[projects]]
  name = "github.com/davecgh/go-spew"
  packages = ["spew"]
  revision = "346938d642f2ec3594ed81d874461961cd0faa76"
  version = "v1.1.0"

[[projects]]
  branch = "multiple-keys"
  name = "github.com/flosell/hclencoder"
  packages = ["."]
  revision = "f9ddda07e6b68e2f2dcb579f3ff14f0b5e0cb019"

[[projects]]
  branch = "master"
  name = "github.com/hashicorp/hcl"
  packages = ["hcl/ast","hcl/parser","hcl/printer","hcl/scanner","hcl/strconv","hcl/token"]
  revision = "ef8a98b0bbce4a65b5aa4c368430a80ddc533168"

[[projects]]
  name = "github.com/pmezard/go-difflib"
  packages = ["difflib"]
  revision = "792786c7400a136282c1664665ae0a8db921c6c2"
  version = "v1.0.0"

[[projects]]
  branch = "master"
  name = "github.com/timfeirg/testify"
  packages = ["assert"]
  revision = "dabecbabba51fc39e6cb684c8890b689b5e63df4"

[solve-meta]
  analyzer-name = "dep"
  analyzer-version = 1
  inputs-digest = "7b1edc00d554ab463416f5c06da1823359e4c8c097f3cd37f55309b159d54b7f"
  solver-name = "gps-cdcl"
  solver-version = 1
