# This file is autogenerated, do not edit; changes may be undone by the next 'dep ensure'.


[[projects]]
  name = "github.com/davecgh/go-spew"
  packages = ["spew"]
  revision = "346938d642f2ec3594ed81d874461961cd0faa76"
  version = "v1.1.0"

[[projects]]
  branch = "multiple-keys"
  name = "github.com/flosell/hclencoder"
  packages = ["."]
  revision = "5cc45bfa88029f17065e181e01f003281865af3f"

[[projects]]
  branch = "master"
  name = "github.com/hashicorp/hcl"
  packages = ["hcl/ast","hcl/parser","hcl/printer","hcl/scanner","hcl/strconv","hcl/token"]
  revision = "ef8a98b0bbce4a65b5aa4c368430a80ddc533168"

[[projects]]
  name = "github.com/pmezard/go-difflib"
  packages = ["difflib"]
  revision = "792786c7400a136282c1664665ae0a8db921c6c2"
  version = "v1.0.0"

[[projects]]
  branch = "master"
  name = "github.com/timfeirg/testify"
  packages = ["assert"]
  revision = "a4019676331462ab77e53ae44f588e948b1cff01"

[solve-meta]
  analyzer-name = "dep"
  analyzer-version = 1
  inputs-digest = "66399ac498043464a4eb8f75b3383ad84ffb688d852493b9536c7efc4a029e66"
  solver-name = "gps-cdcl"
  solver-version = 1
